{
  "nodes": {
    "avante-src": {
      "flake": false,
      "locked": {
        "lastModified": 1767498380,
        "narHash": "sha256-Hm1Zr10xH9B4GzRyCKI/qsbhkJCD69qo8gC+Njna/5w=",
        "owner": "yetone",
        "repo": "avante.nvim",
        "rev": "a27b821cc1f9fec70d7b7dc4a42c6dbd76266997",
        "type": "github"
      },
      "original": {
        "owner": "yetone",
        "repo": "avante.nvim",
        "type": "github"
      }
    },
    "flake-parts": {
      "inputs": {
        "nixpkgs-lib": [
          "nixpkgs"
        ]
      },
      "locked": {
        "lastModified": 1767609335,
        "narHash": "sha256-feveD98mQpptwrAEggBQKJTYbvwwglSbOv53uCfH9PY=",
        "owner": "hercules-ci",
        "repo": "flake-parts",
        "rev": "250481aafeb741edfe23d29195671c19b36b6dca",
        "type": "github"
      },
      "original": {
        "owner": "hercules-ci",
        "repo": "flake-parts",
        "type": "github"
      }
    },
    "mcphub": {
      "inputs": {
        "flake-parts": [
          "flake-parts"
        ],
        "nixpkgs": [
          "nixpkgs"
        ]
      },
      "locked": {
        "lastModified": 1755841689,
        "narHash": "sha256-KakvXZf0vjdqzyT+LsAKHEr4GLICGXPmxl1hZ3tI7Yg=",
        "owner": "ravitemer",
        "repo": "mcp-hub",
        "rev": "9c7670a4c341ed3cf738a6242c0fde1cea40bccf",
        "type": "github"
      },
      "original": {
        "owner": "ravitemer",
        "repo": "mcp-hub",
        "type": "github"
      }
    },
    "mcphub-nvim": {
      "inputs": {
        "flake-parts": [
          "flake-parts"
        ],
        "nixpkgs": [
          "nixpkgs"
        ]
      },
      "locked": {
        "lastModified": 1765628564,
        "narHash": "sha256-nvWqCGRKhbUHsAM/zd+cwFdcoXXxf6EmcCkpN4mElf4=",
        "owner": "ravitemer",
        "repo": "mcphub.nvim",
        "rev": "5193329d510a68f1f5bf189960642c925c177a3a",
        "type": "github"
      },
      "original": {
        "owner": "ravitemer",
        "repo": "mcphub.nvim",
        "type": "github"
      }
    },
    "nixpkgs": {
      "locked": {
        "lastModified": 1767364772,
        "narHash": "sha256-fFUnEYMla8b7UKjijLnMe+oVFOz6HjijGGNS1l7dYaQ=",
        "owner": "nixos",
        "repo": "nixpkgs",
        "rev": "16c7794d0a28b5a37904d55bcca36003b9109aaa",
        "type": "github"
      },
      "original": {
        "owner": "nixos",
        "ref": "nixpkgs-unstable",
        "repo": "nixpkgs",
        "type": "github"
      }
    },
    "nixvim": {
      "inputs": {
        "flake-parts": [
          "flake-parts"
        ],
        "nixpkgs": [
          "nixpkgs"
        ],
        "systems": "systems"
      },
      "locked": {
        "lastModified": 1767608728,
        "narHash": "sha256-kmSJCTgrx+BxgqQOTPHAOkohvO+lbRsPWqu+PSPcz3I=",
        "owner": "nix-community",
        "repo": "nixvim",
        "rev": "851399eebd0fb383d2fd76269d859f16021dc7a8",
        "type": "github"
      },
      "original": {
        "owner": "nix-community",
        "repo": "nixvim",
        "type": "github"
      }
    },
    "root": {
      "inputs": {
        "avante-src": "avante-src",
        "flake-parts": "flake-parts",
        "mcphub": "mcphub",
        "mcphub-nvim": "mcphub-nvim",
        "nixpkgs": "nixpkgs",
        "nixvim": "nixvim",
        "smart-flow": "smart-flow"
      }
    },
    "smart-flow": {
      "inputs": {
        "flake-parts": [
          "flake-parts"
        ],
        "nixpkgs": [
          "nixpkgs"
        ]
      },
      "locked": {
        "lastModified": 1743380706,
        "narHash": "sha256-Rhyf6f0mvEOHu3dQ2JH77T6zHmmp90/SimFQB9rXmRo=",
        "owner": "omarcresp",
        "repo": "smart-flow.nvim",
        "rev": "1db1dc8c44f6c788d79f5aa10337d822a20f1d7c",
        "type": "github"
      },
      "original": {
        "owner": "omarcresp",
        "repo": "smart-flow.nvim",
        "type": "github"
      }
    },
    "systems": {
      "locked": {
        "lastModified": 1681028828,
        "narHash": "sha256-Vy1rq5AaRuLzOxct8nz4T6wlgyUR7zLU309k9mBC768=",
        "owner": "nix-systems",
        "repo": "default",
        "rev": "da67096a3b9bf56a91d16901293e51ba5b49a27e",
        "type": "github"
      },
      "original": {
        "owner": "nix-systems",
        "repo": "default",
        "type": "github"
      }
    }
  },
  "root": "root",
  "version": 7
}
